
Microsoft Visual Studio Solution File, Format Version 12.00
# Visual Studio 15
VisualStudioVersion = 15.0.26124.0
MinimumVisualStudioVersion = 15.0.26124.0
Project("{2150E333-8FDC-42A3-9474-1A3956D46DE8}") = "src", "src", "{13F0F3A4-6B76-4802-90D6-D3D40B79B2AB}"
EndProject
Project("{FAE04EC0-301F-11D3-BF4B-00C04F79EFBC}") = "Marselha", "src\Marselha\Marselha.csproj", "{B0B5F1A6-97F4-48C4-9701-2DD2EB1A84D7}"
EndProject
Project("{2150E333-8FDC-42A3-9474-1A3956D46DE8}") = "tests", "tests", "{35FEEE63-6957-4842-92C2-55FF7A755E44}"
EndProject
Project("{FAE04EC0-301F-11D3-BF4B-00C04F79EFBC}") = "Marselha.Tests", "tests\Marselha.Tests\Marselha.Tests.csproj", "{DAFE335B-A06F-428F-940B-DA0BCF37D1C7}"
EndProject
Global
	GlobalSection(SolutionConfigurationPlatforms) = preSolution
		Debug|Any CPU = Debug|Any CPU
		Debug|x64 = Debug|x64
		Debug|x86 = Debug|x86
		Release|Any CPU = Release|Any CPU
		Release|x64 = Release|x64
		Release|x86 = Release|x86
	EndGlobalSection
	GlobalSection(SolutionProperties) = preSolution
		HideSolutionNode = FALSE
	EndGlobalSection
	GlobalSection(ProjectConfigurationPlatforms) = postSolution
		{B0B5F1A6-97F4-48C4-9701-2DD2EB1A84D7}.Debug|Any CPU.ActiveCfg = Debug|Any CPU
		{B0B5F1A6-97F4-48C4-9701-2DD2EB1A84D7}.Debug|Any CPU.Build.0 = Debug|Any CPU
		{B0B5F1A6-97F4-48C4-9701-2DD2EB1A84D7}.Debug|x64.ActiveCfg = Debug|Any CPU
		{B0B5F1A6-97F4-48C4-9701-2DD2EB1A84D7}.Debug|x64.Build.0 = Debug|Any CPU
		{B0B5F1A6-97F4-48C4-9701-2DD2EB1A84D7}.Debug|x86.ActiveCfg = Debug|Any CPU
		{B0B5F1A6-97F4-48C4-9701-2DD2EB1A84D7}.Debug|x86.Build.0 = Debug|Any CPU
		{B0B5F1A6-97F4-48C4-9701-2DD2EB1A84D7}.Release|Any CPU.ActiveCfg = Release|Any CPU
		{B0B5F1A6-97F4-48C4-9701-2DD2EB1A84D7}.Release|Any CPU.Build.0 = Release|Any CPU
		{B0B5F1A6-97F4-48C4-9701-2DD2EB1A84D7}.Release|x64.ActiveCfg = Release|Any CPU
		{B0B5F1A6-97F4-48C4-9701-2DD2EB1A84D7}.Release|x64.Build.0 = Release|Any CPU
		{B0B5F1A6-97F4-48C4-9701-2DD2EB1A84D7}.Release|x86.ActiveCfg = Release|Any CPU
		{B0B5F1A6-97F4-48C4-9701-2DD2EB1A84D7}.Release|x86.Build.0 = Release|Any CPU
		{DAFE335B-A06F-428F-940B-DA0BCF37D1C7}.Debug|Any CPU.ActiveCfg = Debug|Any CPU
		{DAFE335B-A06F-428F-940B-DA0BCF37D1C7}.Debug|Any CPU.Build.0 = Debug|Any CPU
		{DAFE335B-A06F-428F-940B-DA0BCF37D1C7}.Debug|x64.ActiveCfg = Debug|Any CPU
		{DAFE335B-A06F-428F-940B-DA0BCF37D1C7}.Debug|x64.Build.0 = Debug|Any CPU
		{DAFE335B-A06F-428F-940B-DA0BCF37D1C7}.Debug|x86.ActiveCfg = Debug|Any CPU
		{DAFE335B-A06F-428F-940B-DA0BCF37D1C7}.Debug|x86.Build.0 = Debug|Any CPU
		{DAFE335B-A06F-428F-940B-DA0BCF37D1C7}.Release|Any CPU.ActiveCfg = Release|Any CPU
		{DAFE335B-A06F-428F-940B-DA0BCF37D1C7}.Release|Any CPU.Build.0 = Release|Any CPU
		{DAFE335B-A06F-428F-940B-DA0BCF37D1C7}.Release|x64.ActiveCfg = Release|Any CPU
		{DAFE335B-A06F-428F-940B-DA0BCF37D1C7}.Release|x64.Build.0 = Release|Any CPU
		{DAFE335B-A06F-428F-940B-DA0BCF37D1C7}.Release|x86.ActiveCfg = Release|Any CPU
		{DAFE335B-A06F-428F-940B-DA0BCF37D1C7}.Release|x86.Build.0 = Release|Any CPU
	EndGlobalSection
	GlobalSection(NestedProjects) = preSolution
		{B0B5F1A6-97F4-48C4-9701-2DD2EB1A84D7} = {13F0F3A4-6B76-4802-90D6-D3D40B79B2AB}
		{DAFE335B-A06F-428F-940B-DA0BCF37D1C7} = {35FEEE63-6957-4842-92C2-55FF7A755E44}
	EndGlobalSection
EndGlobal
